
Microsoft Visual Studio Solution File, Format Version 12.00
# Visual Studio Version 17
VisualStudioVersion = 17.4.33213.308
MinimumVisualStudioVersion = 10.0.40219.1
Project("{FAE04EC0-301F-11D3-BF4B-00C04F79EFBC}") = "Cafe Managment system", "Cafe Managment system.csproj", "{3FC0A42D-9FAD-4A12-890C-1618436521A4}"
EndProject
Global
	GlobalSection(SolutionConfigurationPlatforms) = preSolution
		Debug|Any CPU = Debug|Any CPU
		Release|Any CPU = Release|Any CPU
	EndGlobalSection
	GlobalSection(ProjectConfigurationPlatforms) = postSolution
		{3FC0A42D-9FAD-4A12-890C-1618436521A4}.Debug|Any CPU.ActiveCfg = Debug|Any CPU
		{3FC0A42D-9FAD-4A12-890C-1618436521A4}.Debug|Any CPU.Build.0 = Debug|Any CPU
		{3FC0A42D-9FAD-4A12-890C-1618436521A4}.Release|Any CPU.ActiveCfg = Release|Any CPU
		{3FC0A42D-9FAD-4A12-890C-1618436521A4}.Release|Any CPU.Build.0 = Release|Any CPU
	EndGlobalSection
	GlobalSection(SolutionProperties) = preSolution
		HideSolutionNode = FALSE
	EndGlobalSection
	GlobalSection(ExtensibilityGlobals) = postSolution
		SolutionGuid = {A88F409B-4971-41BC-93BE-F06BABB7F028}
	EndGlobalSection
EndGlobal
